{
  "version": "3",
  "packages": {
    "specifiers": {
      "npm:pg@8": "npm:pg@8.11.3"
    },
    "npm": {
      "buffer-writer@2.0.0": {
        "integrity": "sha512-a7ZpuTZU1TRtnwyCNW3I5dc0wWNC3VR9S++Ewyk2HHZdrO3CQJqSpd+95Us590V6AL7JqUAH2IwZ/398PmNFgw==",
        "dependencies": {}
      },
      "packet-reader@1.0.0": {
        "integrity": "sha512-HAKu/fG3HpHFO0AA8WE8q2g+gBJaZ9MG7fcKk+IJPLTGAD6Psw4443l+9DGRbOIh3/aXr7Phy0TjilYivJo5XQ==",
        "dependencies": {}
      },
      "pg-cloudflare@1.1.1": {
        "integrity": "sha512-xWPagP/4B6BgFO+EKz3JONXv3YDgvkbVrGw2mTo3D6tVDQRh1e7cqVGvyR3BE+eQgAvx1XhW/iEASj4/jCWl3Q==",
        "dependencies": {}
      },
      "pg-connection-string@2.6.2": {
        "integrity": "sha512-ch6OwaeaPYcova4kKZ15sbJ2hKb/VP48ZD2gE7i1J+L4MspCtBMAx8nMgz7bksc7IojCIIWuEhHibSMFH8m8oA==",
        "dependencies": {}
      },
      "pg-int8@1.0.1": {
        "integrity": "sha512-WCtabS6t3c8SkpDBUlb1kjOs7l66xsGdKpIPZsg4wR+B3+u9UAum2odSsF9tnvxg80h4ZxLWMy4pRjOsFIqQpw==",
        "dependencies": {}
      },
      "pg-pool@3.6.1_pg@8.11.3": {
        "integrity": "sha512-jizsIzhkIitxCGfPRzJn1ZdcosIt3pz9Sh3V01fm1vZnbnCMgmGl5wvGGdNN2EL9Rmb0EcFoCkixH4Pu+sP9Og==",
        "dependencies": {
          "pg": "pg@8.11.3"
        }
      },
      "pg-protocol@1.6.0": {
        "integrity": "sha512-M+PDm637OY5WM307051+bsDia5Xej6d9IR4GwJse1qA1DIhiKlksvrneZOYQq42OM+spubpcNYEo2FcKQrDk+Q==",
        "dependencies": {}
      },
      "pg-types@2.2.0": {
        "integrity": "sha512-qTAAlrEsl8s4OiEQY69wDvcMIdQN6wdz5ojQiOy6YRMuynxenON0O5oCpJI6lshc6scgAY8qvJ2On/p+CXY0GA==",
        "dependencies": {
          "pg-int8": "pg-int8@1.0.1",
          "postgres-array": "postgres-array@2.0.0",
          "postgres-bytea": "postgres-bytea@1.0.0",
          "postgres-date": "postgres-date@1.0.7",
          "postgres-interval": "postgres-interval@1.2.0"
        }
      },
      "pg@8.11.3": {
        "integrity": "sha512-+9iuvG8QfaaUrrph+kpF24cXkH1YOOUeArRNYIxq1viYHZagBxrTno7cecY1Fa44tJeZvaoG+Djpkc3JwehN5g==",
        "dependencies": {
          "buffer-writer": "buffer-writer@2.0.0",
          "packet-reader": "packet-reader@1.0.0",
          "pg-cloudflare": "pg-cloudflare@1.1.1",
          "pg-connection-string": "pg-connection-string@2.6.2",
          "pg-pool": "pg-pool@3.6.1_pg@8.11.3",
          "pg-protocol": "pg-protocol@1.6.0",
          "pg-types": "pg-types@2.2.0",
          "pgpass": "pgpass@1.0.5"
        }
      },
      "pgpass@1.0.5": {
        "integrity": "sha512-FdW9r/jQZhSeohs1Z3sI1yxFQNFvMcnmfuj4WBMUTxOrAyLMaTcE1aAMBiTlbMNaXvBCQuVi0R7hd8udDSP7ug==",
        "dependencies": {
          "split2": "split2@4.2.0"
        }
      },
      "postgres-array@2.0.0": {
        "integrity": "sha512-VpZrUqU5A69eQyW2c5CA1jtLecCsN2U/bD6VilrFDWq5+5UIEVO7nazS3TEcHf1zuPYO/sqGvUvW62g86RXZuA==",
        "dependencies": {}
      },
      "postgres-bytea@1.0.0": {
        "integrity": "sha512-xy3pmLuQqRBZBXDULy7KbaitYqLcmxigw14Q5sj8QBVLqEwXfeybIKVWiqAXTlcvdvb0+xkOtDbfQMOf4lST1w==",
        "dependencies": {}
      },
      "postgres-date@1.0.7": {
        "integrity": "sha512-suDmjLVQg78nMK2UZ454hAG+OAW+HQPZ6n++TNDUX+L0+uUlLywnoxJKDou51Zm+zTCjrCl0Nq6J9C5hP9vK/Q==",
        "dependencies": {}
      },
      "postgres-interval@1.2.0": {
        "integrity": "sha512-9ZhXKM/rw350N1ovuWHbGxnGh/SNJ4cnxHiM0rxE4VN41wsg8P8zWn9hv/buK00RP4WvlOyr/RBDiptyxVbkZQ==",
        "dependencies": {
          "xtend": "xtend@4.0.2"
        }
      },
      "split2@4.2.0": {
        "integrity": "sha512-UcjcJOWknrNkF6PLX83qcHM6KHgVKNkV62Y8a5uYDVv9ydGQVwAHMKqHdJje1VTWpljG0WYpCDhrCdAOYH4TWg==",
        "dependencies": {}
      },
      "xtend@4.0.2": {
        "integrity": "sha512-LKYU1iAXJXUgAXn9URjiu+MWhyUXHsvfp7mcuYm9dSUKK0/CjtrUwFAxD82/mCWbtLsGjFIad0wIsod4zrTAEQ==",
        "dependencies": {}
      }
    }
  },
  "redirects": {
    "https://esm.sh/@supabase/supabase-js@2": "https://esm.sh/@supabase/supabase-js@2.39.8"
  },
  "remote": {
    "https://esm.sh/@supabase/supabase-js@2.39.8": "c2864b4d085151e2284e76e59b382b001cbcfa9db58b9a3aa61c6a76ec8d58fa",
    "https://esm.sh/v135/@supabase/functions-js@2.1.5/denonext/functions-js.mjs": "739affd2df20c1affd91991c3731c2537d270b82be5cdbd926c43be40eb2fdc5",
    "https://esm.sh/v135/@supabase/gotrue-js@2.62.2/denonext/gotrue-js.mjs": "326e26884bb2e359f192078b8c602a2e0acdc754767a274fe1df844319a8d319",
    "https://esm.sh/v135/@supabase/node-fetch@2.6.14/denonext/node-fetch.mjs": "23a71af3512da67a8757ab1e2356fa22565758444ea1fc08e0de0e8d4625e8aa",
    "https://esm.sh/v135/@supabase/node-fetch@2.6.15/denonext/node-fetch.mjs": "efad00ea3d4cbe1bee688836ef75339d49a1981bc5728a13e9ad5f26791d5efb",
    "https://esm.sh/v135/@supabase/postgrest-js@1.9.2/denonext/postgrest-js.mjs": "22aacc11dbe24402a598f609b9fcaa5a252c46f135a08a0b137e0421e5fe6285",
    "https://esm.sh/v135/@supabase/realtime-js@2.9.3/denonext/realtime-js.mjs": "22f025f3a7f744aad39f538fdac296095eb8ec33974c24dc7168571493c707ec",
    "https://esm.sh/v135/@supabase/storage-js@2.5.5/denonext/storage-js.mjs": "66e29e4e55c7d396503e2d1d9376cfbc34f046b962bce4524c2d80b209fff413",
    "https://esm.sh/v135/@supabase/supabase-js@2.39.8/denonext/supabase-js.mjs": "f075f87a225f16b339856ab44013d3ce0383d495e12b9568753382ab765ae005",
    "https://esm.sh/v135/bufferutil@4.0.8/denonext/bufferutil.mjs": "60a4618cbd1a5cb24935c55590b793d4ecb33862357d32e1d4614a0bbb90947f",
    "https://esm.sh/v135/node-gyp-build@4.6.1/denonext/node-gyp-build.mjs": "5d28b312f145a6cb2ec0dbdd80a7d34c0e0e6b5dcada65411d8bcff6c8991cc6",
    "https://esm.sh/v135/utf-8-validate@6.0.3/denonext/utf-8-validate.mjs": "410c48d66840e987e474a4849cd25829817415cedd25466280effb1287d05aa5",
    "https://esm.sh/v135/ws@8.16.0/denonext/ws.mjs": "0fa0c00b69577ba36d0a36001329b2cec91498cb2e33e329fc76aa6d51a0d54d"
  }
}
